cloud.google.com/go v0.26.0/go.mod h1:aQUYkXzVsufM+DwF1aE+0xfcU+56JwCaLick0ClmMTw=
cloud.google.com/go v0.34.0/go.mod h1:aQUYkXzVsufM+DwF1aE+0xfcU+56JwCaLick0ClmMTw=
cloud.google.com/go v0.38.0/go.mod h1:990N+gfupTy94rShfmMCWGDn0LpTmnzTp2qbd1dvSRU=
cloud.google.com/go v0.43.0/go.mod h1:BOSR3VbTLkk6FDC/TcffxP4NF/FFBGA5ku+jvKOP7pg=
cloud.google.com/go v0.44.1/go.mod h1:iSa0KzasP4Uvy3f1mN/7PiObzGgflwredwwASm/v6AU=
cloud.google.com/go v0.44.2/go.mod h1:60680Gw3Yr4ikxnPRS/oxxkBccT6SA1yMk63TGekxKY=
cloud.google.com/go v0.45.1/go.mod h1:RpBamKRgapWJb87xiFSdk4g1CME7QZg3uwTez+TSTjc=
cloud.google.com/go v0.46.3/go.mod h1:a6bKKbmY7er1mI7TEI4lsAkts/mkhTSZK8w33B4RAg0=
cloud.google.com/go v0.50.0/go.mod h1:r9sluTvynVuxRIOHXQEHMFffphuXHOMZMycpNR5e6To=
cloud.google.com/go v0.51.0/go.mod h1:hWtGJ6gnXH+KgDv+V0zFGDvpi07n3z8ZNj3T1RW0Gcw=
cloud.google.com/go v0.52.0/go.mod h1:pXajvRH/6o3+F9jDHZWQ5PbGhn+o8w9qiu/CffaVdO4=
cloud.google.com/go v0.53.0/go.mod h1:fp/UouUEsRkN6ryDKNW/Upv/JBKnv6WDthjR6+vze6M=
cloud.google.com/go v0.54.0/go.mod h1:1rq2OEkV3YMf6n/9ZvGWI3GWw0VoqH/1x2nd8Is/bPc=
cloud.google.com/go v0.56.0/go.mod h1:jr7tqZxxKOVYizybht9+26Z/gUq7tiRzu+ACVAMbKVk=
cloud.google.com/go v0.57.0/go.mod h1:oXiQ6Rzq3RAkkY7N6t3TcE6jE+CIBBbA36lwQ1JyzZs=
cloud.google.com/go v0.62.0/go.mod h1:jmCYTdRCQuc1PHIIJ/maLInMho30T/Y0M4hTdTShOYc=
cloud.google.com/go v0.65.0/go.mod h1:O5N8zS7uWy9vkA9vayVHs65eM1ubvY4h553ofrNHObY=
cloud.google.com/go v0.72.0/go.mod h1:M+5Vjvlc2wnp6tjzE102Dw08nGShTscUx2nZMufOKPI=
cloud.google.com/go v0.74.0/go.mod h1:VV1xSbzvo+9QJOxLDaJfTjx5e+MePCpCWwvftOeQmWk=
cloud.google.com/go v0.78.0/go.mod h1:QjdrLG0uq+YwhjoVOLsS1t7TW8fs36kLs4XO5R5ECHg=
cloud.google.com/go v0.79.0/go.mod h1:3bzgcEeQlzbuEAYu4mrWhKqWjmpprinYgKJLgKHnbb8=
cloud.google.com/go v0.81.0/go.mod h1:mk/AM35KwGk/Nm2YSeZbxXdrNK3KZOYHmLkOqC2V6E0=
cloud.google.com/go v0.83.0/go.mod h1:Z7MJUsANfY0pYPdw0lbnivPx4/vhy/e2FEkSkF7vAVY=
cloud.google.com/go v0.84.0/go.mod h1:RazrYuxIK6Kb7YrzzhPoLmCVzl7Sup4NrbKPg8KHSUM=
cloud.google.com/go v0.87.0/go.mod h1:TpDYlFy7vuLzZMMZ+B6iRiELaY7z/gJPaqbMx6mlWcY=
cloud.google.com/go v0.90.0/go.mod h1:kRX0mNRHe0e2rC6oNakvwQqzyDmg57xJ+SZU1eT2aDQ=
cloud.google.com/go v0.93.3/go.mod h1:8utlLll2EF5XMAV15woO4lSbWQlk8rer9aLOfLh7+YI=
cloud.google.com/go/bigquery v1.0.1/go.mod h1:i/xbL2UlR5RvWAURpBYZTtm/cXjCha9lbfbpx4poX+o=
cloud.google.com/go/bigquery v1.3.0/go.mod h1:PjpwJnslEMmckchkHFfq+HTD2DmtT67aNFKH1/VBDHE=
cloud.google.com/go/bigquery v1.4.0/go.mod h1:S8dzgnTigyfTmLBfrtrhyYhwRxG72rYxvftPBK2Dvzc=
cloud.google.com/go/bigquery v1.5.0/go.mod h1:snEHRnqQbz117VIFhE8bmtwIDY80NLUZUMb4Nv6dBIg=
cloud.google.com/go/bigquery v1.7.0/go.mod h1://okPTzCYNXSlb24MZs83e2Do+h+VXtc4gLoIoXIAPc=
cloud.google.com/go/bigquery v1.8.0/go.mod h1:J5hqkt3O0uAFnINi6JXValWIb1v0goeZM77hZzJN/fQ=
cloud.google.com/go/bigtable v1.2.0/go.mod h1:JcVAOl45lrTmQfLj7T6TxyMzIN/3FGGcFm+2xVAli2o=
cloud.google.com/go/datastore v1.0.0/go.mod h1:LXYbyblFSglQ5pkeyhO+Qmw7ukd3C+pD7TKLgZqpHYE=
cloud.google.com/go/datastore v1.1.0/go.mod h1:umbIZjpQpHh4hmRpGhH4tLFup+FVzqBi1b3c64qFpCk=
cloud.google.com/go/firestore v1.6.0/go.mod h1:afJwI0vaXwAG54kI7A//lP/lSPDkQORQuMkv56TxEPU=
cloud.google.com/go/pubsub v1.0.1/go.mod h1:R0Gpsv3s54REJCy4fxDixWD93lHJMoZTyQ2kNxGRt3I=
cloud.google.com/go/pubsub v1.1.0/go.mod h1:EwwdRX2sKPjnvnqCa270oGRyludottCI76h+R3AArQw=
cloud.google.com/go/pubsub v1.2.0/go.mod h1:jhfEVHT8odbXTkndysNHCcx0awwzvfOlguIAii9o8iA=
cloud.google.com/go/pubsub v1.3.1/go.mod h1:i+ucay31+CNRpDW4Lu78I4xXG+O1r/MAHgjpRVR+TSU=
cloud.google.com/go/storage v1.0.0/go.mod h1:IhtSnM/ZTZV8YYJWCY8RULGVqBDmpoyjwiyrjsg+URw=
cloud.google.com/go/storage v1.5.0/go.mod h1:tpKbwo567HUNpVclU5sGELwQWBDZ8gh0ZeosJ0Rtdos=
cloud.google.com/go/storage v1.6.0/go.mod h1:N7U0C8pVQ/+NIKOBQyamJIeKQKkZ+mxpohlUTyfDhBk=
cloud.google.com/go/storage v1.8.0/go.mod h1:Wv1Oy7z6Yz3DshWRJFhqM/UCfaWIRTdp0RXyy7KQOVs=
cloud.google.com/go/storage v1.10.0/go.mod h1:FLPqc6j+Ki4BU591ie1oL6qBQGu2Bl/tZ9ullr3+Kg0=
collectd.org v0.3.0/go.mod h1:A/8DzQBkF6abtvrT2j/AU/4tiBgJWYyh0y/oB/4MlWE=
dmitri.shuralyov.com/gpu/mtl v0.0.0-20190408044501-666a987793e9/go.mod h1:H6x//7gZCb22OMCxBHrMx7a5I7Hp++hsVxbQ4BYO7hU=
github.com/0chain/errors v1.0.3 h1:QQZPFxTfnMcRdt32DXbzRQIfGWmBsKoEdszKQDb0rRM=
github.com/0chain/errors v1.0.3/go.mod h1:xymD6nVgrbgttWwkpSCfLLEJbFO6iHGQwk/yeSuYkIc=
github.com/0chain/gosdk v1.3.0-beta.4.0.20211109103416-4d382fe5d5d4 h1:p5EYDEE4GlAsS01nVwi+pqIU6afoiYqgQHTvRm+US1Y=
github.com/0chain/gosdk v1.3.0-beta.4.0.20211109103416-4d382fe5d5d4/go.mod h1:8X8+3afqhRRXJcpVeUKKUFvlQ9138eafactRNUMSTL4=
github.com/DATA-DOG/go-sqlmock v1.5.0/go.mod h1:f/Ixk793poVmq4qj/V1dPUg2JEAKC73Q5eFN3EC/SaM=
github.com/didip/tollbooth/v6 v6.1.1/go.mod h1:xjcse6CTHCLuOkzsWrEgdy9WPJFv+p/x6v+MyfP+O9s=
github.com/go-ini/ini v1.55.0/go.mod h1:ByCAeIL28uOIIG0E3PJtZPDL8WnHpFKFOtgjp+3Ies8=
github.com/gorilla/handlers v1.5.1/go.mod h1:t8XrUpc4KVXb7HGyJ4/cEnwQiaxrX/hz1Zv/4g96P1Q=
github.com/gorilla/mux v1.8.0/go.mod h1:DVbg23sWSpFRCP0SfiEN6jmj59UnW/n46BH5rLB71So=
github.com/grpc-ecosystem/go-grpc-middleware v1.3.0/go.mod h1:z0ButlSOZa5vEBq9m2m2hlwIgKw+rp3sdCBRoJY+30Y=
github.com/grpc-ecosystem/grpc-gateway/v2 v2.6.0/go.mod h1:qrJPVzv9YlhsrxJc3P/Q85nr0w1lIRikTl4JlhdDH5w=
github.com/herumi/bls-go-binary v1.0.1-0.20210830012634-a8e769d3b872/go.mod h1:O4Vp1AfR4raRGwFeQpr9X/PQtncEicMoOe6BQt1oX0Y=
github.com/improbable-eng/grpc-web v0.15.0/go.mod h1:1sy9HKV4Jt9aEs9JSnkWlRJPuPtwNr0l57L4f878wP8=
github.com/koding/cache v0.0.0-20161222233015-e8a81b0b3f20/go.mod h1:sh5SGGmQVGUkWDnxevz0I2FJ4TeC18hRPRjKVBMb2kA=
github.com/minio/minio-go v6.0.14+incompatible/go.mod h1:7guKYtitv8dktvNUGrhzmNlA5wrAABTQXCoesZdFQO8=
github.com/mitchellh/mapstructure v1.4.2/go.mod h1:bFUtVrKA4DC2yAKiSyO/QUcy7e+RRV2QTWOzhPopBRo=
github.com/remeh/sizedwaitgroup v0.0.0-20180822144253-5e7302b12cce/go.mod h1:3j2R4OIe/SeS6YDhICBy22RWjJC5eNCJ1V+9+NVNYlo=
github.com/rs/cors v1.8.0/go.mod h1:EBwu+T5AvHOcXwvZIkQFjUN6s8Czyqw12GL/Y0tUyRM=
github.com/selvatico/go-mocket v1.0.7/go.mod h1:7bSWzuNieCdUlanCVu3w0ppS0LvDtPAZmKBIlhoTcp8=
github.com/spf13/viper v1.9.0/go.mod h1:+i6ajR7OX2XaiBkrcZJFK21htRk7eDeLg7+O6bhUPP4=
github.com/stretchr/testify v1.7.0/go.mod h1:6Fq8oRcR53rry900zMqJjRRixrwX3KX962/h/Wwjteg=
go.uber.org/ratelimit v0.2.0/go.mod h1:YYBV4e4naJvhpitQrWJu1vCpgB7CboMe0qhltKt6mUg=
go.uber.org/zap v1.19.1/go.mod h1:j3DNczoxDZroyBnOT1L/Q79cfUMGZxlv/9dzN7SM1rI=
golang.org/x/crypto v0.0.0-20210921155107-089bfa567519/go.mod h1:GvvjBRRGRdwPK5ydBHafDWAxML/pGHZbMvKqRZ5+Abc=
google.golang.org/genproto v0.0.0-20211101144312-62acf1d99145/go.mod h1:5CzLGKJ67TSI2B9POpiiyGha0AjJvZIUgRMt1dSmuhc=
google.golang.org/grpc v1.42.0/go.mod h1:k+4IHHFw41K8+bbowsex27ge2rCb65oeWqe4jJ590SU=
google.golang.org/grpc/cmd/protoc-gen-go-grpc v1.1.0/go.mod h1:6Kw0yEErY5E/yWrBtf03jp27GLLJujG4z/JK95pnjjw=
google.golang.org/protobuf v1.27.1/go.mod h1:9q0QmTI4eRPtz6boOQmLYwt+qCgq0jsYwAQnmE0givc=
gopkg.in/mgo.v2 v2.0.0-20180705113604-9856a29383ce/go.mod h1:yeKp02qBN3iKW1OzL3MGk2IdtZzaj7SFntXj72NppTA=
gopkg.in/natefinch/lumberjack.v2 v2.0.0/go.mod h1:l0ndWWf7gzL7RNwBG7wST/UCcT4T24xpD6X8LsfU/+k=
gorm.io/datatypes v0.0.0-20200806042100-bc394008dd0d/go.mod h1:n2DTgk9at7cr/CWOTKHWPaflj1fN+yuWpdK4lqSUbWA=
gorm.io/driver/postgres v1.2.1/go.mod h1:SHRZhu+D0tLOHV5qbxZRUM6kBcf3jp/kxPz2mYMTsNY=
gorm.io/gorm v1.22.2/go.mod h1:F+OptMscr0P2F2qU97WT1WimdH9GaQPoDW7AYd5i2Y0=
nhooyr.io/websocket v1.8.7/go.mod h1:B70DZP8IakI65RVQ51MsWP/8jndNma26DVA/nFSCgW0=
